github.com/davecgh/go-spew v1.1.1 h1:vj9j/u1bqnvCEfJOwUhtlOARqs3+rkHYY13jYWTU97c=
github.com/davecgh/go-spew v1.1.1/go.mod h1:J7Y8YcW2NihsgmVo/mv3lAwl/skON4iLHjSsI+c5H38=
github.com/gookit/color v1.5.2 h1:uLnfXcaFjlrDnQDT+NCBcfhrXqYTx/rcCa6xn01Y8yI=
github.com/gookit/goutil v0.6.1 h1:EsaMR1QWxg61R8oBW7sbSHUxQzMZUKTDUEAKpsHUXJI=
github.com/gookit/goutil v0.6.1/go.mod h1:s2xa6+NP2nxI+h88TUAio7xROJzZaerEfkzJ0+lqvm4=
github.com/xo/terminfo v0.0.0-20210125001918-ca9a967f8778 h1:QldyIu/L63oPpyvQmHgvgickp1Yw510KJOqX7H24mg8=
github.com/xwb1989/sqlparser v0.0.0-20180606152119-120387863bf2 h1:zzrxE1FKn5ryBNl9eKOeqQ58Y/Qpo3Q9QNxKHX5uzzQ=
github.com/xwb1989/sqlparser v0.0.0-20180606152119-120387863bf2/go.mod h1:hzfGeIUDq/j97IG+FhNqkowIyEcD88LrW6fyU3K3WqY=
golang.org/x/sys v0.0.0-20220829200755-d48e67d00261 h1:v6hYoSR9T5oet+pMXwUWkbiVqx/63mlHjefrHmxwfeY=
golang.org/x/text v0.5.0 h1:OLmvp0KP+FVG99Ct/qFiL/Fhk4zp4QQnZ7b2U+5piUM=
golang.org/x/text v0.5.0/go.mod h1:mrYo+phRRbMaCq/xk9113O4dZlRixOauAjOtrjsXDZ8=
gopkg.in/check.v1 v0.0.0-20161208181325-20d25e280405 h1:yhCVgyC4o1eVCa2tZl7eS0r+SDo693bJlVdllGtEeKM=
gopkg.in/check.v1 v0.0.0-20161208181325-20d25e280405/go.mod h1:Co6ibVJAznAaIkqp8huTwlJQCZ016jof/cbN4VW5Yz0=
gopkg.in/yaml.v3 v3.0.1 h1:fxVm/GzAzEWqLHuvctI91KS9hhNmmWOoWu0XTYJS7CA=
gopkg.in/yaml.v3 v3.0.1/go.mod h1:K4uyk7z7BCEPqu6E+C64Yfv1cQ7kz7rIZviUmN+EgEM=
